
Microsoft Visual Studio Solution File, Format Version 12.00
# Visual Studio Version 17
VisualStudioVersion = 17.9.34616.47
MinimumVisualStudioVersion = 10.0.40219.1
Project("{FAE04EC0-301F-11D3-BF4B-00C04F79EFBC}") = "TrainerTraineeApp", "TrainerTraineeApp\TrainerTraineeApp.csproj", "{941C8A9F-F09E-4D2E-9F96-6A007F506D4B}"
EndProject
Global
	GlobalSection(SolutionConfigurationPlatforms) = preSolution
		Debug|Any CPU = Debug|Any CPU
		Release|Any CPU = Release|Any CPU
	EndGlobalSection
	GlobalSection(ProjectConfigurationPlatforms) = postSolution
		{941C8A9F-F09E-4D2E-9F96-6A007F506D4B}.Debug|Any CPU.ActiveCfg = Debug|Any CPU
		{941C8A9F-F09E-4D2E-9F96-6A007F506D4B}.Debug|Any CPU.Build.0 = Debug|Any CPU
		{941C8A9F-F09E-4D2E-9F96-6A007F506D4B}.Release|Any CPU.ActiveCfg = Release|Any CPU
		{941C8A9F-F09E-4D2E-9F96-6A007F506D4B}.Release|Any CPU.Build.0 = Release|Any CPU
	EndGlobalSection
	GlobalSection(SolutionProperties) = preSolution
		HideSolutionNode = FALSE
	EndGlobalSection
	GlobalSection(ExtensibilityGlobals) = postSolution
		SolutionGuid = {217C784C-8C71-428E-80A7-138361ABBA7E}
	EndGlobalSection
EndGlobal
