
Microsoft Visual Studio Solution File, Format Version 12.00
# Visual Studio Version 17
VisualStudioVersion = 17.9.34616.47
MinimumVisualStudioVersion = 10.0.40219.1
Project("{FAE04EC0-301F-11D3-BF4B-00C04F79EFBC}") = "TrainerTraineeApp", "TrainerTraineeApp\TrainerTraineeApp.csproj", "{941C8A9F-F09E-4D2E-9F96-6A007F506D4B}"
EndProject
Project("{FAE04EC0-301F-11D3-BF4B-00C04F79EFBC}") = "LabNRef", "LabNRef\LabNRef.csproj", "{D53030E4-F2C9-4561-B3B0-2833E8709F99}"
EndProject
Project("{FAE04EC0-301F-11D3-BF4B-00C04F79EFBC}") = "IDELangLab", "IDELangLab\IDELangLab.csproj", "{B296036A-34A2-4E54-8D6A-AB439660DC33}"
EndProject
Project("{FAE04EC0-301F-11D3-BF4B-00C04F79EFBC}") = "SimpleCalculatorApp", "SimpleCalculatorApp\SimpleCalculatorApp.csproj", "{D5EB1611-7240-4CF5-81F6-C79E36B1E04C}"
EndProject
Project("{FAE04EC0-301F-11D3-BF4B-00C04F79EFBC}") = "MathCalculator", "MathCalculator\MathCalculator.csproj", "{E073B8E1-2D22-49AF-8333-B04F9660CB6F}"
EndProject
Project("{2150E333-8FDC-42A3-9474-1A3956D46DE8}") = "Calculator Application", "Calculator Application", "{1CE123B2-8569-4518-8C58-31BAEF38FE56}"
EndProject
Project("{2150E333-8FDC-42A3-9474-1A3956D46DE8}") = "Presentation Logic", "Presentation Logic", "{60AA0E86-EFC1-41D8-82EE-1D74A7F2E8C3}"
EndProject
Project("{2150E333-8FDC-42A3-9474-1A3956D46DE8}") = "Business Logic", "Business Logic", "{287B76B6-5433-479F-9FDB-9AF95E9C3EBC}"
EndProject
Project("{FAE04EC0-301F-11D3-BF4B-00C04F79EFBC}") = "CalculatorWinFormsApp", "CalculatorWinFormsApp\CalculatorWinFormsApp.csproj", "{C2DD02B7-44BD-428C-9A75-D5089325E9F2}"
EndProject
Global
	GlobalSection(SolutionConfigurationPlatforms) = preSolution
		Debug|Any CPU = Debug|Any CPU
		Release|Any CPU = Release|Any CPU
	EndGlobalSection
	GlobalSection(ProjectConfigurationPlatforms) = postSolution
		{941C8A9F-F09E-4D2E-9F96-6A007F506D4B}.Debug|Any CPU.ActiveCfg = Debug|Any CPU
		{941C8A9F-F09E-4D2E-9F96-6A007F506D4B}.Debug|Any CPU.Build.0 = Debug|Any CPU
		{941C8A9F-F09E-4D2E-9F96-6A007F506D4B}.Release|Any CPU.ActiveCfg = Release|Any CPU
		{941C8A9F-F09E-4D2E-9F96-6A007F506D4B}.Release|Any CPU.Build.0 = Release|Any CPU
		{D53030E4-F2C9-4561-B3B0-2833E8709F99}.Debug|Any CPU.ActiveCfg = Debug|Any CPU
		{D53030E4-F2C9-4561-B3B0-2833E8709F99}.Debug|Any CPU.Build.0 = Debug|Any CPU
		{D53030E4-F2C9-4561-B3B0-2833E8709F99}.Release|Any CPU.ActiveCfg = Release|Any CPU
		{D53030E4-F2C9-4561-B3B0-2833E8709F99}.Release|Any CPU.Build.0 = Release|Any CPU
		{B296036A-34A2-4E54-8D6A-AB439660DC33}.Debug|Any CPU.ActiveCfg = Debug|Any CPU
		{B296036A-34A2-4E54-8D6A-AB439660DC33}.Debug|Any CPU.Build.0 = Debug|Any CPU
		{B296036A-34A2-4E54-8D6A-AB439660DC33}.Release|Any CPU.ActiveCfg = Release|Any CPU
		{B296036A-34A2-4E54-8D6A-AB439660DC33}.Release|Any CPU.Build.0 = Release|Any CPU
		{D5EB1611-7240-4CF5-81F6-C79E36B1E04C}.Debug|Any CPU.ActiveCfg = Debug|Any CPU
		{D5EB1611-7240-4CF5-81F6-C79E36B1E04C}.Debug|Any CPU.Build.0 = Debug|Any CPU
		{D5EB1611-7240-4CF5-81F6-C79E36B1E04C}.Release|Any CPU.ActiveCfg = Release|Any CPU
		{D5EB1611-7240-4CF5-81F6-C79E36B1E04C}.Release|Any CPU.Build.0 = Release|Any CPU
		{E073B8E1-2D22-49AF-8333-B04F9660CB6F}.Debug|Any CPU.ActiveCfg = Debug|Any CPU
		{E073B8E1-2D22-49AF-8333-B04F9660CB6F}.Debug|Any CPU.Build.0 = Debug|Any CPU
		{E073B8E1-2D22-49AF-8333-B04F9660CB6F}.Release|Any CPU.ActiveCfg = Release|Any CPU
		{E073B8E1-2D22-49AF-8333-B04F9660CB6F}.Release|Any CPU.Build.0 = Release|Any CPU
		{C2DD02B7-44BD-428C-9A75-D5089325E9F2}.Debug|Any CPU.ActiveCfg = Debug|Any CPU
		{C2DD02B7-44BD-428C-9A75-D5089325E9F2}.Debug|Any CPU.Build.0 = Debug|Any CPU
		{C2DD02B7-44BD-428C-9A75-D5089325E9F2}.Release|Any CPU.ActiveCfg = Release|Any CPU
		{C2DD02B7-44BD-428C-9A75-D5089325E9F2}.Release|Any CPU.Build.0 = Release|Any CPU
	EndGlobalSection
	GlobalSection(SolutionProperties) = preSolution
		HideSolutionNode = FALSE
	EndGlobalSection
	GlobalSection(NestedProjects) = preSolution
		{D5EB1611-7240-4CF5-81F6-C79E36B1E04C} = {60AA0E86-EFC1-41D8-82EE-1D74A7F2E8C3}
		{E073B8E1-2D22-49AF-8333-B04F9660CB6F} = {287B76B6-5433-479F-9FDB-9AF95E9C3EBC}
		{60AA0E86-EFC1-41D8-82EE-1D74A7F2E8C3} = {1CE123B2-8569-4518-8C58-31BAEF38FE56}
		{287B76B6-5433-479F-9FDB-9AF95E9C3EBC} = {1CE123B2-8569-4518-8C58-31BAEF38FE56}
		{C2DD02B7-44BD-428C-9A75-D5089325E9F2} = {60AA0E86-EFC1-41D8-82EE-1D74A7F2E8C3}
	EndGlobalSection
	GlobalSection(ExtensibilityGlobals) = postSolution
		SolutionGuid = {217C784C-8C71-428E-80A7-138361ABBA7E}
	EndGlobalSection
EndGlobal
